
Microsoft Visual Studio Solution File, Format Version 12.00
# Visual Studio Version 16
VisualStudioVersion = 16.0.30804.86
MinimumVisualStudioVersion = 10.0.40219.1
Project("{888888A0-9F3D-457C-B088-3A5042F75D52}") = "NoLine", "NoLine\NoLine.pyproj", "{A827D95D-768E-4EF6-9CA2-05CC6D4F0DB6}"
EndProject
Global
	GlobalSection(SolutionConfigurationPlatforms) = preSolution
		Debug|Any CPU = Debug|Any CPU
		Release|Any CPU = Release|Any CPU
	EndGlobalSection
	GlobalSection(ProjectConfigurationPlatforms) = postSolution
		{A827D95D-768E-4EF6-9CA2-05CC6D4F0DB6}.Debug|Any CPU.ActiveCfg = Debug|Any CPU
		{A827D95D-768E-4EF6-9CA2-05CC6D4F0DB6}.Release|Any CPU.ActiveCfg = Release|Any CPU
	EndGlobalSection
	GlobalSection(SolutionProperties) = preSolution
		HideSolutionNode = FALSE
	EndGlobalSection
	GlobalSection(ExtensibilityGlobals) = postSolution
		SolutionGuid = {15EB2BE0-9834-4DD0-9872-F0362D8276E7}
	EndGlobalSection
EndGlobal
